// !$*UTF8*$!
{
	archiveVersion = 1;
	classes = {
	};
	objectVersion = 55;
	objects = {

/* Begin PBXBuildFile section */
		735BFCDD2801EE9B0008CB0C /* ReadingListController.swift in Sources */ = {isa = PBXBuildFile; fileRef = 735BFCDC2801EE9B0008CB0C /* ReadingListController.swift */; };
		735BFCDF2801F0D50008CB0C /* ToReadList.swift in Sources */ = {isa = PBXBuildFile; fileRef = 735BFCDE2801F0D50008CB0C /* ToReadList.swift */; };
		738028002801EC8400C10752 /* ReadingsApp.swift in Sources */ = {isa = PBXBuildFile; fileRef = 738027FF2801EC8400C10752 /* ReadingsApp.swift */; };
		738028022801EC8400C10752 /* ContentView.swift in Sources */ = {isa = PBXBuildFile; fileRef = 738028012801EC8400C10752 /* ContentView.swift */; };
		738028042801EC8500C10752 /* Assets.xcassets in Resources */ = {isa = PBXBuildFile; fileRef = 738028032801EC8500C10752 /* Assets.xcassets */; };
		738028072801EC8500C10752 /* Preview Assets.xcassets in Resources */ = {isa = PBXBuildFile; fileRef = 738028062801EC8500C10752 /* Preview Assets.xcassets */; };
		73845A4E2801F43700EBAB1D /* BookList.swift in Sources */ = {isa = PBXBuildFile; fileRef = 73845A4D2801F43700EBAB1D /* BookList.swift */; };
		73845A502801F58100EBAB1D /* BookDetail.swift in Sources */ = {isa = PBXBuildFile; fileRef = 73845A4F2801F58100EBAB1D /* BookDetail.swift */; };
		73845A522801F85300EBAB1D /* PreviewData.swift in Sources */ = {isa = PBXBuildFile; fileRef = 73845A512801F85300EBAB1D /* PreviewData.swift */; };
		73845A542801FAE100EBAB1D /* Data.swift in Sources */ = {isa = PBXBuildFile; fileRef = 73845A532801FAE100EBAB1D /* Data.swift */; };
/* End PBXBuildFile section */

/* Begin PBXFileReference section */
		735BFCDC2801EE9B0008CB0C /* ReadingListController.swift */ = {isa = PBXFileReference; lastKnownFileType = sourcecode.swift; path = ReadingListController.swift; sourceTree = "<group>"; };
		735BFCDE2801F0D50008CB0C /* ToReadList.swift */ = {isa = PBXFileReference; lastKnownFileType = sourcecode.swift; path = ToReadList.swift; sourceTree = "<group>"; };
		738027FC2801EC8400C10752 /* Readings.app */ = {isa = PBXFileReference; explicitFileType = wrapper.application; includeInIndex = 0; path = Readings.app; sourceTree = BUILT_PRODUCTS_DIR; };
		738027FF2801EC8400C10752 /* ReadingsApp.swift */ = {isa = PBXFileReference; lastKnownFileType = sourcecode.swift; path = ReadingsApp.swift; sourceTree = "<group>"; };
		738028012801EC8400C10752 /* ContentView.swift */ = {isa = PBXFileReference; lastKnownFileType = sourcecode.swift; path = ContentView.swift; sourceTree = "<group>"; };
		738028032801EC8500C10752 /* Assets.xcassets */ = {isa = PBXFileReference; lastKnownFileType = folder.assetcatalog; path = Assets.xcassets; sourceTree = "<group>"; };
		738028062801EC8500C10752 /* Preview Assets.xcassets */ = {isa = PBXFileReference; lastKnownFileType = folder.assetcatalog; path = "Preview Assets.xcassets"; sourceTree = "<group>"; };
		73845A4D2801F43700EBAB1D /* BookList.swift */ = {isa = PBXFileReference; lastKnownFileType = sourcecode.swift; path = BookList.swift; sourceTree = "<group>"; };
		73845A4F2801F58100EBAB1D /* BookDetail.swift */ = {isa = PBXFileReference; lastKnownFileType = sourcecode.swift; path = BookDetail.swift; sourceTree = "<group>"; };
		73845A512801F85300EBAB1D /* PreviewData.swift */ = {isa = PBXFileReference; lastKnownFileType = sourcecode.swift; path = PreviewData.swift; sourceTree = "<group>"; };
		73845A532801FAE100EBAB1D /* Data.swift */ = {isa = PBXFileReference; lastKnownFileType = sourcecode.swift; path = Data.swift; sourceTree = "<group>"; };
/* End PBXFileReference section */

/* Begin PBXFrameworksBuildPhase section */
		738027F92801EC8400C10752 /* Frameworks */ = {
			isa = PBXFrameworksBuildPhase;
			buildActionMask = 2147483647;
			files = (
			);
			runOnlyForDeploymentPostprocessing = 0;
		};
/* End PBXFrameworksBuildPhase section */

/* Begin PBXGroup section */
		738027F32801EC8400C10752 = {
			isa = PBXGroup;
			children = (
				738027FE2801EC8400C10752 /* Readings */,
				738027FD2801EC8400C10752 /* Products */,
			);
			sourceTree = "<group>";
		};
		738027FD2801EC8400C10752 /* Products */ = {
			isa = PBXGroup;
			children = (
				738027FC2801EC8400C10752 /* Readings.app */,
			);
			name = Products;
			sourceTree = "<group>";
		};
		738027FE2801EC8400C10752 /* Readings */ = {
			isa = PBXGroup;
			children = (
				738027FF2801EC8400C10752 /* ReadingsApp.swift */,
				738028012801EC8400C10752 /* ContentView.swift */,
				735BFCDE2801F0D50008CB0C /* ToReadList.swift */,
				73845A4D2801F43700EBAB1D /* BookList.swift */,
				73845A4F2801F58100EBAB1D /* BookDetail.swift */,
				735BFCDC2801EE9B0008CB0C /* ReadingListController.swift */,
				73845A512801F85300EBAB1D /* PreviewData.swift */,
				73845A532801FAE100EBAB1D /* Data.swift */,
				738028032801EC8500C10752 /* Assets.xcassets */,
				738028052801EC8500C10752 /* Preview Content */,
			);
			path = Readings;
			sourceTree = "<group>";
		};
		738028052801EC8500C10752 /* Preview Content */ = {
			isa = PBXGroup;
			children = (
				738028062801EC8500C10752 /* Preview Assets.xcassets */,
			);
			path = "Preview Content";
			sourceTree = "<group>";
		};
/* End PBXGroup section */

/* Begin PBXNativeTarget section */
		738027FB2801EC8400C10752 /* Readings */ = {
			isa = PBXNativeTarget;
			buildConfigurationList = 7380280A2801EC8500C10752 /* Build configuration list for PBXNativeTarget "Readings" */;
			buildPhases = (
				738027F82801EC8400C10752 /* Sources */,
				738027F92801EC8400C10752 /* Frameworks */,
				738027FA2801EC8400C10752 /* Resources */,
			);
			buildRules = (
			);
			dependencies = (
			);
			name = Readings;
			productName = Readings;
			productReference = 738027FC2801EC8400C10752 /* Readings.app */;
			productType = "com.apple.product-type.application";
		};
/* End PBXNativeTarget section */

/* Begin PBXProject section */
		738027F42801EC8400C10752 /* Project object */ = {
			isa = PBXProject;
			attributes = {
				BuildIndependentTargetsInParallel = 1;
				LastSwiftUpdateCheck = 1330;
				LastUpgradeCheck = 1330;
				TargetAttributes = {
					738027FB2801EC8400C10752 = {
						CreatedOnToolsVersion = 13.3;
					};
				};
			};
			buildConfigurationList = 738027F72801EC8400C10752 /* Build configuration list for PBXProject "Readings" */;
			compatibilityVersion = "Xcode 13.0";
			developmentRegion = en;
			hasScannedForEncodings = 0;
			knownRegions = (
				en,
				Base,
			);
			mainGroup = 738027F32801EC8400C10752;
			productRefGroup = 738027FD2801EC8400C10752 /* Products */;
			projectDirPath = "";
			projectRoot = "";
			targets = (
				738027FB2801EC8400C10752 /* Readings */,
			);
		};
/* End PBXProject section */

/* Begin PBXResourcesBuildPhase section */
		738027FA2801EC8400C10752 /* Resources */ = {
			isa = PBXResourcesBuildPhase;
			buildActionMask = 2147483647;
			files = (
				738028072801EC8500C10752 /* Preview Assets.xcassets in Resources */,
				738028042801EC8500C10752 /* Assets.xcassets in Resources */,
			);
			runOnlyForDeploymentPostprocessing = 0;
		};
/* End PBXResourcesBuildPhase section */

/* Begin PBXSourcesBuildPhase section */
		738027F82801EC8400C10752 /* Sources */ = {
			isa = PBXSourcesBuildPhase;
			buildActionMask = 2147483647;
			files = (
				738028022801EC8400C10752 /* ContentView.swift in Sources */,
				738028002801EC8400C10752 /* ReadingsApp.swift in Sources */,
				73845A4E2801F43700EBAB1D /* BookList.swift in Sources */,
				735BFCDF2801F0D50008CB0C /* ToReadList.swift in Sources */,
				735BFCDD2801EE9B0008CB0C /* ReadingListController.swift in Sources */,
				73845A502801F58100EBAB1D /* BookDetail.swift in Sources */,
				73845A522801F85300EBAB1D /* PreviewData.swift in Sources */,
				73845A542801FAE100EBAB1D /* Data.swift in Sources */,
			);
			runOnlyForDeploymentPostprocessing = 0;
		};
/* End PBXSourcesBuildPhase section */

/* Begin XCBuildConfiguration section */
		738028082801EC8500C10752 /* Debug */ = {
			isa = XCBuildConfiguration;
			buildSettings = {
				ALWAYS_SEARCH_USER_PATHS = NO;
				CLANG_ANALYZER_NONNULL = YES;
				CLANG_ANALYZER_NUMBER_OBJECT_CONVERSION = YES_AGGRESSIVE;
				CLANG_CXX_LANGUAGE_STANDARD = "gnu++17";
				CLANG_ENABLE_MODULES = YES;
				CLANG_ENABLE_OBJC_ARC = YES;
				CLANG_ENABLE_OBJC_WEAK = YES;
				CLANG_WARN_BLOCK_CAPTURE_AUTORELEASING = YES;
				CLANG_WARN_BOOL_CONVERSION = YES;
				CLANG_WARN_COMMA = YES;
				CLANG_WARN_CONSTANT_CONVERSION = YES;
				CLANG_WARN_DEPRECATED_OBJC_IMPLEMENTATIONS = YES;
				CLANG_WARN_DIRECT_OBJC_ISA_USAGE = YES_ERROR;
				CLANG_WARN_DOCUMENTATION_COMMENTS = YES;
				CLANG_WARN_EMPTY_BODY = YES;
				CLANG_WARN_ENUM_CONVERSION = YES;
				CLANG_WARN_INFINITE_RECURSION = YES;
				CLANG_WARN_INT_CONVERSION = YES;
				CLANG_WARN_NON_LITERAL_NULL_CONVERSION = YES;
				CLANG_WARN_OBJC_IMPLICIT_RETAIN_SELF = YES;
				CLANG_WARN_OBJC_LITERAL_CONVERSION = YES;
				CLANG_WARN_OBJC_ROOT_CLASS = YES_ERROR;
				CLANG_WARN_QUOTED_INCLUDE_IN_FRAMEWORK_HEADER = YES;
				CLANG_WARN_RANGE_LOOP_ANALYSIS = YES;
				CLANG_WARN_STRICT_PROTOTYPES = YES;
				CLANG_WARN_SUSPICIOUS_MOVE = YES;
				CLANG_WARN_UNGUARDED_AVAILABILITY = YES_AGGRESSIVE;
				CLANG_WARN_UNREACHABLE_CODE = YES;
				CLANG_WARN__DUPLICATE_METHOD_MATCH = YES;
				COPY_PHASE_STRIP = NO;
				DEBUG_INFORMATION_FORMAT = dwarf;
				ENABLE_STRICT_OBJC_MSGSEND = YES;
				ENABLE_TESTABILITY = YES;
				GCC_C_LANGUAGE_STANDARD = gnu11;
				GCC_DYNAMIC_NO_PIC = NO;
				GCC_NO_COMMON_BLOCKS = YES;
				GCC_OPTIMIZATION_LEVEL = 0;
				GCC_PREPROCESSOR_DEFINITIONS = (
					"DEBUG=1",
					"$(inherited)",
				);
				GCC_WARN_64_TO_32_BIT_CONVERSION = YES;
				GCC_WARN_ABOUT_RETURN_TYPE = YES_ERROR;
				GCC_WARN_UNDECLARED_SELECTOR = YES;
				GCC_WARN_UNINITIALIZED_AUTOS = YES_AGGRESSIVE;
				GCC_WARN_UNUSED_FUNCTION = YES;
				GCC_WARN_UNUSED_VARIABLE = YES;
				IPHONEOS_DEPLOYMENT_TARGET = 15.4;
				MTL_ENABLE_DEBUG_INFO = INCLUDE_SOURCE;
				MTL_FAST_MATH = YES;
				ONLY_ACTIVE_ARCH = YES;
				SDKROOT = iphoneos;
				SWIFT_ACTIVE_COMPILATION_CONDITIONS = DEBUG;
				SWIFT_OPTIMIZATION_LEVEL = "-Onone";
			};
			name = Debug;
		};
		738028092801EC8500C10752 /* Release */ = {
			isa = XCBuildConfiguration;
			buildSettings = {
				ALWAYS_SEARCH_USER_PATHS = NO;
				CLANG_ANALYZER_NONNULL = YES;
				CLANG_ANALYZER_NUMBER_OBJECT_CONVERSION = YES_AGGRESSIVE;
				CLANG_CXX_LANGUAGE_STANDARD = "gnu++17";
				CLANG_ENABLE_MODULES = YES;
				CLANG_ENABLE_OBJC_ARC = YES;
				CLANG_ENABLE_OBJC_WEAK = YES;
				CLANG_WARN_BLOCK_CAPTURE_AUTORELEASING = YES;
				CLANG_WARN_BOOL_CONVERSION = YES;
				CLANG_WARN_COMMA = YES;
				CLANG_WARN_CONSTANT_CONVERSION = YES;
				CLANG_WARN_DEPRECATED_OBJC_IMPLEMENTATIONS = YES;
				CLANG_WARN_DIRECT_OBJC_ISA_USAGE = YES_ERROR;
				CLANG_WARN_DOCUMENTATION_COMMENTS = YES;
				CLANG_WARN_EMPTY_BODY = YES;
				CLANG_WARN_ENUM_CONVERSION = YES;
				CLANG_WARN_INFINITE_RECURSION = YES;
				CLANG_WARN_INT_CONVERSION = YES;
				CLANG_WARN_NON_LITERAL_NULL_CONVERSION = YES;
				CLANG_WARN_OBJC_IMPLICIT_RETAIN_SELF = YES;
				CLANG_WARN_OBJC_LITERAL_CONVERSION = YES;
				CLANG_WARN_OBJC_ROOT_CLASS = YES_ERROR;
				CLANG_WARN_QUOTED_INCLUDE_IN_FRAMEWORK_HEADER = YES;
				CLANG_WARN_RANGE_LOOP_ANALYSIS = YES;
				CLANG_WARN_STRICT_PROTOTYPES = YES;
				CLANG_WARN_SUSPICIOUS_MOVE = YES;
				CLANG_WARN_UNGUARDED_AVAILABILITY = YES_AGGRESSIVE;
				CLANG_WARN_UNREACHABLE_CODE = YES;
				CLANG_WARN__DUPLICATE_METHOD_MATCH = YES;
				COPY_PHASE_STRIP = NO;
				DEBUG_INFORMATION_FORMAT = "dwarf-with-dsym";
				ENABLE_NS_ASSERTIONS = NO;
				ENABLE_STRICT_OBJC_MSGSEND = YES;
				GCC_C_LANGUAGE_STANDARD = gnu11;
				GCC_NO_COMMON_BLOCKS = YES;
				GCC_WARN_64_TO_32_BIT_CONVERSION = YES;
				GCC_WARN_ABOUT_RETURN_TYPE = YES_ERROR;
				GCC_WARN_UNDECLARED_SELECTOR = YES;
				GCC_WARN_UNINITIALIZED_AUTOS = YES_AGGRESSIVE;
				GCC_WARN_UNUSED_FUNCTION = YES;
				GCC_WARN_UNUSED_VARIABLE = YES;
				IPHONEOS_DEPLOYMENT_TARGET = 15.4;
				MTL_ENABLE_DEBUG_INFO = NO;
				MTL_FAST_MATH = YES;
				SDKROOT = iphoneos;
				SWIFT_COMPILATION_MODE = wholemodule;
				SWIFT_OPTIMIZATION_LEVEL = "-O";
				VALIDATE_PRODUCT = YES;
			};
			name = Release;
		};
		7380280B2801EC8500C10752 /* Debug */ = {
			isa = XCBuildConfiguration;
			buildSettings = {
				ASSETCATALOG_COMPILER_APPICON_NAME = AppIcon;
				ASSETCATALOG_COMPILER_GLOBAL_ACCENT_COLOR_NAME = AccentColor;
				CODE_SIGN_STYLE = Automatic;
				CURRENT_PROJECT_VERSION = 1;
				DEVELOPMENT_ASSET_PATHS = "\"Readings/Preview Content\"";
				DEVELOPMENT_TEAM = 6JHQ8LLMGS;
				ENABLE_PREVIEWS = YES;
				GENERATE_INFOPLIST_FILE = YES;
				INFOPLIST_KEY_UIApplicationSceneManifest_Generation = YES;
				INFOPLIST_KEY_UIApplicationSupportsIndirectInputEvents = YES;
				INFOPLIST_KEY_UILaunchScreen_Generation = YES;
				INFOPLIST_KEY_UISupportedInterfaceOrientations_iPad = "UIInterfaceOrientationPortrait UIInterfaceOrientationPortraitUpsideDown UIInterfaceOrientationLandscapeLeft UIInterfaceOrientationLandscapeRight";
				INFOPLIST_KEY_UISupportedInterfaceOrientations_iPhone = "UIInterfaceOrientationPortrait UIInterfaceOrientationLandscapeLeft UIInterfaceOrientationLandscapeRight";
				LD_RUNPATH_SEARCH_PATHS = (
					"$(inherited)",
					"@executable_path/Frameworks",
				);
				MARKETING_VERSION = 1.0;
				PRODUCT_BUNDLE_IDENTIFIER = con.rick.mvvm.Readings;
				PRODUCT_NAME = "$(TARGET_NAME)";
				SWIFT_EMIT_LOC_STRINGS = YES;
				SWIFT_VERSION = 5.0;
				TARGETED_DEVICE_FAMILY = "1,2";
			};
			name = Debug;
		};
		7380280C2801EC8500C10752 /* Release */ = {
			isa = XCBuildConfiguration;
			buildSettings = {
				ASSETCATALOG_COMPILER_APPICON_NAME = AppIcon;
				ASSETCATALOG_COMPILER_GLOBAL_ACCENT_COLOR_NAME = AccentColor;
				CODE_SIGN_STYLE = Automatic;
				CURRENT_PROJECT_VERSION = 1;
				DEVELOPMENT_ASSET_PATHS = "\"Readings/Preview Content\"";
				DEVELOPMENT_TEAM = 6JHQ8LLMGS;
				ENABLE_PREVIEWS = YES;
				GENERATE_INFOPLIST_FILE = YES;
				INFOPLIST_KEY_UIApplicationSceneManifest_Generation = YES;
				INFOPLIST_KEY_UIApplicationSupportsIndirectInputEvents = YES;
				INFOPLIST_KEY_UILaunchScreen_Generation = YES;
				INFOPLIST_KEY_UISupportedInterfaceOrientations_iPad = "UIInterfaceOrientationPortrait UIInterfaceOrientationPortraitUpsideDown UIInterfaceOrientationLandscapeLeft UIInterfaceOrientationLandscapeRight";
				INFOPLIST_KEY_UISupportedInterfaceOrientations_iPhone = "UIInterfaceOrientationPortrait UIInterfaceOrientationLandscapeLeft UIInterfaceOrientationLandscapeRight";
				LD_RUNPATH_SEARCH_PATHS = (
					"$(inherited)",
					"@executable_path/Frameworks",
				);
				MARKETING_VERSION = 1.0;
				PRODUCT_BUNDLE_IDENTIFIER = con.rick.mvvm.Readings;
				PRODUCT_NAME = "$(TARGET_NAME)";
				SWIFT_EMIT_LOC_STRINGS = YES;
				SWIFT_VERSION = 5.0;
				TARGETED_DEVICE_FAMILY = "1,2";
			};
			name = Release;
		};
/* End XCBuildConfiguration section */

/* Begin XCConfigurationList section */
		738027F72801EC8400C10752 /* Build configuration list for PBXProject "Readings" */ = {
			isa = XCConfigurationList;
			buildConfigurations = (
				738028082801EC8500C10752 /* Debug */,
				738028092801EC8500C10752 /* Release */,
			);
			defaultConfigurationIsVisible = 0;
			defaultConfigurationName = Release;
		};
		7380280A2801EC8500C10752 /* Build configuration list for PBXNativeTarget "Readings" */ = {
			isa = XCConfigurationList;
			buildConfigurations = (
				7380280B2801EC8500C10752 /* Debug */,
				7380280C2801EC8500C10752 /* Release */,
			);
			defaultConfigurationIsVisible = 0;
			defaultConfigurationName = Release;
		};
/* End XCConfigurationList section */
	};
	rootObject = 738027F42801EC8400C10752 /* Project object */;
}
